
Microsoft Visual Studio Solution File, Format Version 12.00
# Visual Studio Version 17
VisualStudioVersion = 17.3.32611.2
MinimumVisualStudioVersion = 10.0.40219.1
Project("{FAE04EC0-301F-11D3-BF4B-00C04F79EFBC}") = "TestApp.Android", "TestApp\TestApp.Android\TestApp.Android.csproj", "{1614F5D6-584D-4BB8-A700-7C8C1064C7FC}"
EndProject
Project("{FAE04EC0-301F-11D3-BF4B-00C04F79EFBC}") = "TestApp.iOS", "TestApp\TestApp.iOS\TestApp.iOS.csproj", "{7EC23AF4-B0F0-41F6-B198-A1B2A5C7AD84}"
EndProject
Project("{FAE04EC0-301F-11D3-BF4B-00C04F79EFBC}") = "TestApp", "TestApp\TestApp\TestApp.csproj", "{D1505DA2-46F7-4531-B1A9-C63E82DAAA1B}"
EndProject
Global
	GlobalSection(SolutionConfigurationPlatforms) = preSolution
		Debug|Any CPU = Debug|Any CPU
		Debug|iPhone = Debug|iPhone
		Debug|iPhoneSimulator = Debug|iPhoneSimulator
		Release|Any CPU = Release|Any CPU
		Release|iPhone = Release|iPhone
		Release|iPhoneSimulator = Release|iPhoneSimulator
	EndGlobalSection
	GlobalSection(ProjectConfigurationPlatforms) = postSolution
		{1614F5D6-584D-4BB8-A700-7C8C1064C7FC}.Debug|Any CPU.ActiveCfg = Debug|Any CPU
		{1614F5D6-584D-4BB8-A700-7C8C1064C7FC}.Debug|Any CPU.Build.0 = Debug|Any CPU
		{1614F5D6-584D-4BB8-A700-7C8C1064C7FC}.Debug|Any CPU.Deploy.0 = Debug|Any CPU
		{1614F5D6-584D-4BB8-A700-7C8C1064C7FC}.Debug|iPhone.ActiveCfg = Debug|Any CPU
		{1614F5D6-584D-4BB8-A700-7C8C1064C7FC}.Debug|iPhone.Build.0 = Debug|Any CPU
		{1614F5D6-584D-4BB8-A700-7C8C1064C7FC}.Debug|iPhone.Deploy.0 = Debug|Any CPU
		{1614F5D6-584D-4BB8-A700-7C8C1064C7FC}.Debug|iPhoneSimulator.ActiveCfg = Debug|Any CPU
		{1614F5D6-584D-4BB8-A700-7C8C1064C7FC}.Debug|iPhoneSimulator.Build.0 = Debug|Any CPU
		{1614F5D6-584D-4BB8-A700-7C8C1064C7FC}.Debug|iPhoneSimulator.Deploy.0 = Debug|Any CPU
		{1614F5D6-584D-4BB8-A700-7C8C1064C7FC}.Release|Any CPU.ActiveCfg = Release|Any CPU
		{1614F5D6-584D-4BB8-A700-7C8C1064C7FC}.Release|Any CPU.Build.0 = Release|Any CPU
		{1614F5D6-584D-4BB8-A700-7C8C1064C7FC}.Release|Any CPU.Deploy.0 = Release|Any CPU
		{1614F5D6-584D-4BB8-A700-7C8C1064C7FC}.Release|iPhone.ActiveCfg = Release|Any CPU
		{1614F5D6-584D-4BB8-A700-7C8C1064C7FC}.Release|iPhone.Build.0 = Release|Any CPU
		{1614F5D6-584D-4BB8-A700-7C8C1064C7FC}.Release|iPhone.Deploy.0 = Release|Any CPU
		{1614F5D6-584D-4BB8-A700-7C8C1064C7FC}.Release|iPhoneSimulator.ActiveCfg = Release|Any CPU
		{1614F5D6-584D-4BB8-A700-7C8C1064C7FC}.Release|iPhoneSimulator.Build.0 = Release|Any CPU
		{1614F5D6-584D-4BB8-A700-7C8C1064C7FC}.Release|iPhoneSimulator.Deploy.0 = Release|Any CPU
		{7EC23AF4-B0F0-41F6-B198-A1B2A5C7AD84}.Debug|Any CPU.ActiveCfg = Debug|iPhone
		{7EC23AF4-B0F0-41F6-B198-A1B2A5C7AD84}.Debug|Any CPU.Build.0 = Debug|iPhone
		{7EC23AF4-B0F0-41F6-B198-A1B2A5C7AD84}.Debug|Any CPU.Deploy.0 = Debug|iPhone
		{7EC23AF4-B0F0-41F6-B198-A1B2A5C7AD84}.Debug|iPhone.ActiveCfg = Debug|iPhone
		{7EC23AF4-B0F0-41F6-B198-A1B2A5C7AD84}.Debug|iPhone.Build.0 = Debug|iPhone
		{7EC23AF4-B0F0-41F6-B198-A1B2A5C7AD84}.Debug|iPhone.Deploy.0 = Debug|iPhone
		{7EC23AF4-B0F0-41F6-B198-A1B2A5C7AD84}.Debug|iPhoneSimulator.ActiveCfg = Debug|iPhoneSimulator
		{7EC23AF4-B0F0-41F6-B198-A1B2A5C7AD84}.Debug|iPhoneSimulator.Build.0 = Debug|iPhoneSimulator
		{7EC23AF4-B0F0-41F6-B198-A1B2A5C7AD84}.Debug|iPhoneSimulator.Deploy.0 = Debug|iPhoneSimulator
		{7EC23AF4-B0F0-41F6-B198-A1B2A5C7AD84}.Release|Any CPU.ActiveCfg = Release|iPhoneSimulator
		{7EC23AF4-B0F0-41F6-B198-A1B2A5C7AD84}.Release|Any CPU.Build.0 = Release|iPhoneSimulator
		{7EC23AF4-B0F0-41F6-B198-A1B2A5C7AD84}.Release|Any CPU.Deploy.0 = Release|iPhoneSimulator
		{7EC23AF4-B0F0-41F6-B198-A1B2A5C7AD84}.Release|iPhone.ActiveCfg = Release|iPhone
		{7EC23AF4-B0F0-41F6-B198-A1B2A5C7AD84}.Release|iPhone.Build.0 = Release|iPhone
		{7EC23AF4-B0F0-41F6-B198-A1B2A5C7AD84}.Release|iPhone.Deploy.0 = Release|iPhone
		{7EC23AF4-B0F0-41F6-B198-A1B2A5C7AD84}.Release|iPhoneSimulator.ActiveCfg = Release|iPhoneSimulator
		{7EC23AF4-B0F0-41F6-B198-A1B2A5C7AD84}.Release|iPhoneSimulator.Build.0 = Release|iPhoneSimulator
		{7EC23AF4-B0F0-41F6-B198-A1B2A5C7AD84}.Release|iPhoneSimulator.Deploy.0 = Release|iPhoneSimulator
		{D1505DA2-46F7-4531-B1A9-C63E82DAAA1B}.Debug|Any CPU.ActiveCfg = Debug|Any CPU
		{D1505DA2-46F7-4531-B1A9-C63E82DAAA1B}.Debug|Any CPU.Build.0 = Debug|Any CPU
		{D1505DA2-46F7-4531-B1A9-C63E82DAAA1B}.Debug|Any CPU.Deploy.0 = Debug|Any CPU
		{D1505DA2-46F7-4531-B1A9-C63E82DAAA1B}.Debug|iPhone.ActiveCfg = Debug|Any CPU
		{D1505DA2-46F7-4531-B1A9-C63E82DAAA1B}.Debug|iPhone.Build.0 = Debug|Any CPU
		{D1505DA2-46F7-4531-B1A9-C63E82DAAA1B}.Debug|iPhone.Deploy.0 = Debug|Any CPU
		{D1505DA2-46F7-4531-B1A9-C63E82DAAA1B}.Debug|iPhoneSimulator.ActiveCfg = Debug|Any CPU
		{D1505DA2-46F7-4531-B1A9-C63E82DAAA1B}.Debug|iPhoneSimulator.Build.0 = Debug|Any CPU
		{D1505DA2-46F7-4531-B1A9-C63E82DAAA1B}.Debug|iPhoneSimulator.Deploy.0 = Debug|Any CPU
		{D1505DA2-46F7-4531-B1A9-C63E82DAAA1B}.Release|Any CPU.ActiveCfg = Release|Any CPU
		{D1505DA2-46F7-4531-B1A9-C63E82DAAA1B}.Release|Any CPU.Build.0 = Release|Any CPU
		{D1505DA2-46F7-4531-B1A9-C63E82DAAA1B}.Release|Any CPU.Deploy.0 = Release|Any CPU
		{D1505DA2-46F7-4531-B1A9-C63E82DAAA1B}.Release|iPhone.ActiveCfg = Release|Any CPU
		{D1505DA2-46F7-4531-B1A9-C63E82DAAA1B}.Release|iPhone.Build.0 = Release|Any CPU
		{D1505DA2-46F7-4531-B1A9-C63E82DAAA1B}.Release|iPhone.Deploy.0 = Release|Any CPU
		{D1505DA2-46F7-4531-B1A9-C63E82DAAA1B}.Release|iPhoneSimulator.ActiveCfg = Release|Any CPU
		{D1505DA2-46F7-4531-B1A9-C63E82DAAA1B}.Release|iPhoneSimulator.Build.0 = Release|Any CPU
		{D1505DA2-46F7-4531-B1A9-C63E82DAAA1B}.Release|iPhoneSimulator.Deploy.0 = Release|Any CPU
	EndGlobalSection
	GlobalSection(SolutionProperties) = preSolution
		HideSolutionNode = FALSE
	EndGlobalSection
	GlobalSection(ExtensibilityGlobals) = postSolution
		SolutionGuid = {CBEC9B12-387D-4A0F-BEF2-5C7130018565}
	EndGlobalSection
EndGlobal
